
Microsoft Visual Studio Solution File, Format Version 12.00
# Visual Studio Version 16
VisualStudioVersion = 16.0.31410.357
MinimumVisualStudioVersion = 10.0.40219.1
Project("{FAE04EC0-301F-11D3-BF4B-00C04F79EFBC}") = "Test_WPF", "Test_WPF\Test_WPF.csproj", "{EEA8D0D0-05AF-4465-91B3-AF78B2AC66BB}"
EndProject
Global
	GlobalSection(SolutionConfigurationPlatforms) = preSolution
		Debug|Any CPU = Debug|Any CPU
		Release|Any CPU = Release|Any CPU
	EndGlobalSection
	GlobalSection(ProjectConfigurationPlatforms) = postSolution
		{EEA8D0D0-05AF-4465-91B3-AF78B2AC66BB}.Debug|Any CPU.ActiveCfg = Debug|Any CPU
		{EEA8D0D0-05AF-4465-91B3-AF78B2AC66BB}.Debug|Any CPU.Build.0 = Debug|Any CPU
		{EEA8D0D0-05AF-4465-91B3-AF78B2AC66BB}.Release|Any CPU.ActiveCfg = Release|Any CPU
		{EEA8D0D0-05AF-4465-91B3-AF78B2AC66BB}.Release|Any CPU.Build.0 = Release|Any CPU
	EndGlobalSection
	GlobalSection(SolutionProperties) = preSolution
		HideSolutionNode = FALSE
	EndGlobalSection
	GlobalSection(ExtensibilityGlobals) = postSolution
		SolutionGuid = {51819C78-0AA3-4A85-9601-AA99FCF73EDA}
	EndGlobalSection
EndGlobal
